// !$*UTF8*$!
{
	archiveVersion = 1;
	classes = {
	};
	objectVersion = 55;
	objects = {

/* Begin PBXBuildFile section */
		4402EA412A2F3C0500ADC9CB /* 3.png in Resources */ = {isa = PBXBuildFile; fileRef = 4402EA3E2A2F3C0400ADC9CB /* 3.png */; };
		4402EA422A2F3C0500ADC9CB /* 2.png in Resources */ = {isa = PBXBuildFile; fileRef = 4402EA3F2A2F3C0500ADC9CB /* 2.png */; };
		4402EA432A2F3C0500ADC9CB /* 1.png in Resources */ = {isa = PBXBuildFile; fileRef = 4402EA402A2F3C0500ADC9CB /* 1.png */; };
		442C91BA2A2DFA7500925CA3 /* Model.swift in Sources */ = {isa = PBXBuildFile; fileRef = 442C91B92A2DFA7500925CA3 /* Model.swift */; };
		442C91BF2A2DFAD100925CA3 /* BrainModel.swift in Sources */ = {isa = PBXBuildFile; fileRef = 442C91BE2A2DFAD100925CA3 /* BrainModel.swift */; };
		4E85A89F297E960E00F0E8A6 /* AppDelegate.swift in Sources */ = {isa = PBXBuildFile; fileRef = 4E85A89E297E960E00F0E8A6 /* AppDelegate.swift */; };
		4E85A8A1297E960E00F0E8A6 /* SceneDelegate.swift in Sources */ = {isa = PBXBuildFile; fileRef = 4E85A8A0297E960E00F0E8A6 /* SceneDelegate.swift */; };
		4E85A8A3297E960E00F0E8A6 /* ViewController.swift in Sources */ = {isa = PBXBuildFile; fileRef = 4E85A8A2297E960E00F0E8A6 /* ViewController.swift */; };
		4E85A8A6297E960E00F0E8A6 /* Main.storyboard in Resources */ = {isa = PBXBuildFile; fileRef = 4E85A8A4297E960E00F0E8A6 /* Main.storyboard */; };
		4E85A8A8297E961000F0E8A6 /* Assets.xcassets in Resources */ = {isa = PBXBuildFile; fileRef = 4E85A8A7297E961000F0E8A6 /* Assets.xcassets */; };
		4E85A8AB297E961000F0E8A6 /* LaunchScreen.storyboard in Resources */ = {isa = PBXBuildFile; fileRef = 4E85A8A9297E961000F0E8A6 /* LaunchScreen.storyboard */; };
		4EA4C68C297EC9BB007A28DF /* FinalController.swift in Sources */ = {isa = PBXBuildFile; fileRef = 4EA4C68B297EC9BB007A28DF /* FinalController.swift */; };
		4EA4C68F297ECED5007A28DF /* IQKeyboardManagerSwift in Frameworks */ = {isa = PBXBuildFile; productRef = 4EA4C68E297ECED5007A28DF /* IQKeyboardManagerSwift */; };
/* End PBXBuildFile section */

/* Begin PBXFileReference section */
		4402EA3E2A2F3C0400ADC9CB /* 3.png */ = {isa = PBXFileReference; lastKnownFileType = image.png; name = 3.png; path = ../../../../3.png; sourceTree = "<group>"; };
		4402EA3F2A2F3C0500ADC9CB /* 2.png */ = {isa = PBXFileReference; lastKnownFileType = image.png; name = 2.png; path = ../../../../2.png; sourceTree = "<group>"; };
		4402EA402A2F3C0500ADC9CB /* 1.png */ = {isa = PBXFileReference; lastKnownFileType = image.png; name = 1.png; path = ../../../../1.png; sourceTree = "<group>"; };
		442C91B92A2DFA7500925CA3 /* Model.swift */ = {isa = PBXFileReference; lastKnownFileType = sourcecode.swift; path = Model.swift; sourceTree = "<group>"; };
		442C91BE2A2DFAD100925CA3 /* BrainModel.swift */ = {isa = PBXFileReference; lastKnownFileType = sourcecode.swift; path = BrainModel.swift; sourceTree = "<group>"; };
		4E85A89B297E960E00F0E8A6 /* MixWater.app */ = {isa = PBXFileReference; explicitFileType = wrapper.application; includeInIndex = 0; path = MixWater.app; sourceTree = BUILT_PRODUCTS_DIR; };
		4E85A89E297E960E00F0E8A6 /* AppDelegate.swift */ = {isa = PBXFileReference; lastKnownFileType = sourcecode.swift; path = AppDelegate.swift; sourceTree = "<group>"; };
		4E85A8A0297E960E00F0E8A6 /* SceneDelegate.swift */ = {isa = PBXFileReference; lastKnownFileType = sourcecode.swift; path = SceneDelegate.swift; sourceTree = "<group>"; };
		4E85A8A2297E960E00F0E8A6 /* ViewController.swift */ = {isa = PBXFileReference; lastKnownFileType = sourcecode.swift; path = ViewController.swift; sourceTree = "<group>"; };
		4E85A8A5297E960E00F0E8A6 /* Base */ = {isa = PBXFileReference; lastKnownFileType = file.storyboard; name = Base; path = Base.lproj/Main.storyboard; sourceTree = "<group>"; };
		4E85A8A7297E961000F0E8A6 /* Assets.xcassets */ = {isa = PBXFileReference; lastKnownFileType = folder.assetcatalog; path = Assets.xcassets; sourceTree = "<group>"; };
		4E85A8AA297E961000F0E8A6 /* Base */ = {isa = PBXFileReference; lastKnownFileType = file.storyboard; name = Base; path = Base.lproj/LaunchScreen.storyboard; sourceTree = "<group>"; };
		4E85A8AC297E961000F0E8A6 /* Info.plist */ = {isa = PBXFileReference; lastKnownFileType = text.plist.xml; path = Info.plist; sourceTree = "<group>"; };
		4EA4C68B297EC9BB007A28DF /* FinalController.swift */ = {isa = PBXFileReference; lastKnownFileType = sourcecode.swift; path = FinalController.swift; sourceTree = "<group>"; };
/* End PBXFileReference section */

/* Begin PBXFrameworksBuildPhase section */
		4E85A898297E960E00F0E8A6 /* Frameworks */ = {
			isa = PBXFrameworksBuildPhase;
			buildActionMask = 2147483647;
			files = (
				4EA4C68F297ECED5007A28DF /* IQKeyboardManagerSwift in Frameworks */,
			);
			runOnlyForDeploymentPostprocessing = 0;
		};
/* End PBXFrameworksBuildPhase section */

/* Begin PBXGroup section */
		4402EA3D2A2F3BF600ADC9CB /* Screenshot */ = {
			isa = PBXGroup;
			children = (
				4402EA402A2F3C0500ADC9CB /* 1.png */,
				4402EA3F2A2F3C0500ADC9CB /* 2.png */,
				4402EA3E2A2F3C0400ADC9CB /* 3.png */,
			);
			path = Screenshot;
			sourceTree = "<group>";
		};
		442C91BB2A2DFA7800925CA3 /* Model */ = {
			isa = PBXGroup;
			children = (
				442C91B92A2DFA7500925CA3 /* Model.swift */,
			);
			path = Model;
			sourceTree = "<group>";
		};
		442C91BC2A2DFA9000925CA3 /* Controller */ = {
			isa = PBXGroup;
			children = (
				4E85A8A2297E960E00F0E8A6 /* ViewController.swift */,
				4EA4C68B297EC9BB007A28DF /* FinalController.swift */,
			);
			path = Controller;
			sourceTree = "<group>";
		};
		442C91BD2A2DFAB100925CA3 /* View */ = {
			isa = PBXGroup;
			children = (
				4E85A8A4297E960E00F0E8A6 /* Main.storyboard */,
			);
			path = View;
			sourceTree = "<group>";
		};
		4437456C2A2E0CEA000E7A44 /* Sources */ = {
			isa = PBXGroup;
			children = (
				4E85A89E297E960E00F0E8A6 /* AppDelegate.swift */,
				4E85A8A0297E960E00F0E8A6 /* SceneDelegate.swift */,
			);
			path = Sources;
			sourceTree = "<group>";
		};
		4437456D2A2E0D02000E7A44 /* Resources */ = {
			isa = PBXGroup;
			children = (
				4E85A8A9297E961000F0E8A6 /* LaunchScreen.storyboard */,
			);
			path = Resources;
			sourceTree = "<group>";
		};
		449294C62A2E0A180028EB49 /* ViewModel */ = {
			isa = PBXGroup;
			children = (
				442C91BE2A2DFAD100925CA3 /* BrainModel.swift */,
			);
			path = ViewModel;
			sourceTree = "<group>";
		};
		449294C72A2E0A7F0028EB49 /* Supporting Files */ = {
			isa = PBXGroup;
			children = (
				4402EA3D2A2F3BF600ADC9CB /* Screenshot */,
				4E85A8AC297E961000F0E8A6 /* Info.plist */,
				4E85A8A7297E961000F0E8A6 /* Assets.xcassets */,
			);
			path = "Supporting Files";
			sourceTree = "<group>";
		};
		4E85A892297E960E00F0E8A6 = {
			isa = PBXGroup;
			children = (
				4E85A89D297E960E00F0E8A6 /* MixWater */,
				4E85A89C297E960E00F0E8A6 /* Products */,
			);
			sourceTree = "<group>";
		};
		4E85A89C297E960E00F0E8A6 /* Products */ = {
			isa = PBXGroup;
			children = (
				4E85A89B297E960E00F0E8A6 /* MixWater.app */,
			);
			name = Products;
			sourceTree = "<group>";
		};
		4E85A89D297E960E00F0E8A6 /* MixWater */ = {
			isa = PBXGroup;
			children = (
				4437456C2A2E0CEA000E7A44 /* Sources */,
				4437456D2A2E0D02000E7A44 /* Resources */,
				442C91BB2A2DFA7800925CA3 /* Model */,
				442C91BD2A2DFAB100925CA3 /* View */,
				449294C62A2E0A180028EB49 /* ViewModel */,
				442C91BC2A2DFA9000925CA3 /* Controller */,
				449294C72A2E0A7F0028EB49 /* Supporting Files */,
			);
			path = MixWater;
			sourceTree = "<group>";
		};
/* End PBXGroup section */

/* Begin PBXNativeTarget section */
		4E85A89A297E960E00F0E8A6 /* MixWater */ = {
			isa = PBXNativeTarget;
			buildConfigurationList = 4E85A8AF297E961000F0E8A6 /* Build configuration list for PBXNativeTarget "MixWater" */;
			buildPhases = (
				4E85A897297E960E00F0E8A6 /* Sources */,
				4E85A898297E960E00F0E8A6 /* Frameworks */,
				4E85A899297E960E00F0E8A6 /* Resources */,
			);
			buildRules = (
			);
			dependencies = (
			);
			name = MixWater;
			packageProductDependencies = (
				4EA4C68E297ECED5007A28DF /* IQKeyboardManagerSwift */,
			);
			productName = "Zmieszaj Wodę";
			productReference = 4E85A89B297E960E00F0E8A6 /* MixWater.app */;
			productType = "com.apple.product-type.application";
		};
/* End PBXNativeTarget section */

/* Begin PBXProject section */
		4E85A893297E960E00F0E8A6 /* Project object */ = {
			isa = PBXProject;
			attributes = {
				BuildIndependentTargetsInParallel = 1;
				LastSwiftUpdateCheck = 1320;
				LastUpgradeCheck = 1320;
				TargetAttributes = {
					4E85A89A297E960E00F0E8A6 = {
						CreatedOnToolsVersion = 13.2.1;
					};
				};
			};
			buildConfigurationList = 4E85A896297E960E00F0E8A6 /* Build configuration list for PBXProject "MixWater" */;
			compatibilityVersion = "Xcode 13.0";
			developmentRegion = en;
			hasScannedForEncodings = 0;
			knownRegions = (
				en,
				Base,
			);
			mainGroup = 4E85A892297E960E00F0E8A6;
			packageReferences = (
				4EA4C68D297ECED5007A28DF /* XCRemoteSwiftPackageReference "IQKeyboardManager" */,
			);
			productRefGroup = 4E85A89C297E960E00F0E8A6 /* Products */;
			projectDirPath = "";
			projectRoot = "";
			targets = (
				4E85A89A297E960E00F0E8A6 /* MixWater */,
			);
		};
/* End PBXProject section */

/* Begin PBXResourcesBuildPhase section */
		4E85A899297E960E00F0E8A6 /* Resources */ = {
			isa = PBXResourcesBuildPhase;
			buildActionMask = 2147483647;
			files = (
				4E85A8AB297E961000F0E8A6 /* LaunchScreen.storyboard in Resources */,
				4E85A8A8297E961000F0E8A6 /* Assets.xcassets in Resources */,
				4402EA422A2F3C0500ADC9CB /* 2.png in Resources */,
				4402EA432A2F3C0500ADC9CB /* 1.png in Resources */,
				4E85A8A6297E960E00F0E8A6 /* Main.storyboard in Resources */,
				4402EA412A2F3C0500ADC9CB /* 3.png in Resources */,
			);
			runOnlyForDeploymentPostprocessing = 0;
		};
/* End PBXResourcesBuildPhase section */

/* Begin PBXSourcesBuildPhase section */
		4E85A897297E960E00F0E8A6 /* Sources */ = {
			isa = PBXSourcesBuildPhase;
			buildActionMask = 2147483647;
			files = (
				442C91BF2A2DFAD100925CA3 /* BrainModel.swift in Sources */,
				442C91BA2A2DFA7500925CA3 /* Model.swift in Sources */,
				4E85A8A3297E960E00F0E8A6 /* ViewController.swift in Sources */,
				4E85A89F297E960E00F0E8A6 /* AppDelegate.swift in Sources */,
				4EA4C68C297EC9BB007A28DF /* FinalController.swift in Sources */,
				4E85A8A1297E960E00F0E8A6 /* SceneDelegate.swift in Sources */,
			);
			runOnlyForDeploymentPostprocessing = 0;
		};
/* End PBXSourcesBuildPhase section */

/* Begin PBXVariantGroup section */
		4E85A8A4297E960E00F0E8A6 /* Main.storyboard */ = {
			isa = PBXVariantGroup;
			children = (
				4E85A8A5297E960E00F0E8A6 /* Base */,
			);
			name = Main.storyboard;
			sourceTree = "<group>";
		};
		4E85A8A9297E961000F0E8A6 /* LaunchScreen.storyboard */ = {
			isa = PBXVariantGroup;
			children = (
				4E85A8AA297E961000F0E8A6 /* Base */,
			);
			name = LaunchScreen.storyboard;
			sourceTree = "<group>";
		};
/* End PBXVariantGroup section */

/* Begin XCBuildConfiguration section */
		4E85A8AD297E961000F0E8A6 /* Debug */ = {
			isa = XCBuildConfiguration;
			buildSettings = {
				ALWAYS_SEARCH_USER_PATHS = NO;
				CLANG_ANALYZER_NONNULL = YES;
				CLANG_ANALYZER_NUMBER_OBJECT_CONVERSION = YES_AGGRESSIVE;
				CLANG_CXX_LANGUAGE_STANDARD = "gnu++17";
				CLANG_CXX_LIBRARY = "libc++";
				CLANG_ENABLE_MODULES = YES;
				CLANG_ENABLE_OBJC_ARC = YES;
				CLANG_ENABLE_OBJC_WEAK = YES;
				CLANG_WARN_BLOCK_CAPTURE_AUTORELEASING = YES;
				CLANG_WARN_BOOL_CONVERSION = YES;
				CLANG_WARN_COMMA = YES;
				CLANG_WARN_CONSTANT_CONVERSION = YES;
				CLANG_WARN_DEPRECATED_OBJC_IMPLEMENTATIONS = YES;
				CLANG_WARN_DIRECT_OBJC_ISA_USAGE = YES_ERROR;
				CLANG_WARN_DOCUMENTATION_COMMENTS = YES;
				CLANG_WARN_EMPTY_BODY = YES;
				CLANG_WARN_ENUM_CONVERSION = YES;
				CLANG_WARN_INFINITE_RECURSION = YES;
				CLANG_WARN_INT_CONVERSION = YES;
				CLANG_WARN_NON_LITERAL_NULL_CONVERSION = YES;
				CLANG_WARN_OBJC_IMPLICIT_RETAIN_SELF = YES;
				CLANG_WARN_OBJC_LITERAL_CONVERSION = YES;
				CLANG_WARN_OBJC_ROOT_CLASS = YES_ERROR;
				CLANG_WARN_QUOTED_INCLUDE_IN_FRAMEWORK_HEADER = YES;
				CLANG_WARN_RANGE_LOOP_ANALYSIS = YES;
				CLANG_WARN_STRICT_PROTOTYPES = YES;
				CLANG_WARN_SUSPICIOUS_MOVE = YES;
				CLANG_WARN_UNGUARDED_AVAILABILITY = YES_AGGRESSIVE;
				CLANG_WARN_UNREACHABLE_CODE = YES;
				CLANG_WARN__DUPLICATE_METHOD_MATCH = YES;
				COPY_PHASE_STRIP = NO;
				DEBUG_INFORMATION_FORMAT = dwarf;
				ENABLE_STRICT_OBJC_MSGSEND = YES;
				ENABLE_TESTABILITY = YES;
				GCC_C_LANGUAGE_STANDARD = gnu11;
				GCC_DYNAMIC_NO_PIC = NO;
				GCC_NO_COMMON_BLOCKS = YES;
				GCC_OPTIMIZATION_LEVEL = 0;
				GCC_PREPROCESSOR_DEFINITIONS = (
					"DEBUG=1",
					"$(inherited)",
				);
				GCC_WARN_64_TO_32_BIT_CONVERSION = YES;
				GCC_WARN_ABOUT_RETURN_TYPE = YES_ERROR;
				GCC_WARN_UNDECLARED_SELECTOR = YES;
				GCC_WARN_UNINITIALIZED_AUTOS = YES_AGGRESSIVE;
				GCC_WARN_UNUSED_FUNCTION = YES;
				GCC_WARN_UNUSED_VARIABLE = YES;
				IPHONEOS_DEPLOYMENT_TARGET = 15.2;
				MTL_ENABLE_DEBUG_INFO = INCLUDE_SOURCE;
				MTL_FAST_MATH = YES;
				ONLY_ACTIVE_ARCH = YES;
				SDKROOT = iphoneos;
				SWIFT_ACTIVE_COMPILATION_CONDITIONS = DEBUG;
				SWIFT_OPTIMIZATION_LEVEL = "-Onone";
			};
			name = Debug;
		};
		4E85A8AE297E961000F0E8A6 /* Release */ = {
			isa = XCBuildConfiguration;
			buildSettings = {
				ALWAYS_SEARCH_USER_PATHS = NO;
				CLANG_ANALYZER_NONNULL = YES;
				CLANG_ANALYZER_NUMBER_OBJECT_CONVERSION = YES_AGGRESSIVE;
				CLANG_CXX_LANGUAGE_STANDARD = "gnu++17";
				CLANG_CXX_LIBRARY = "libc++";
				CLANG_ENABLE_MODULES = YES;
				CLANG_ENABLE_OBJC_ARC = YES;
				CLANG_ENABLE_OBJC_WEAK = YES;
				CLANG_WARN_BLOCK_CAPTURE_AUTORELEASING = YES;
				CLANG_WARN_BOOL_CONVERSION = YES;
				CLANG_WARN_COMMA = YES;
				CLANG_WARN_CONSTANT_CONVERSION = YES;
				CLANG_WARN_DEPRECATED_OBJC_IMPLEMENTATIONS = YES;
				CLANG_WARN_DIRECT_OBJC_ISA_USAGE = YES_ERROR;
				CLANG_WARN_DOCUMENTATION_COMMENTS = YES;
				CLANG_WARN_EMPTY_BODY = YES;
				CLANG_WARN_ENUM_CONVERSION = YES;
				CLANG_WARN_INFINITE_RECURSION = YES;
				CLANG_WARN_INT_CONVERSION = YES;
				CLANG_WARN_NON_LITERAL_NULL_CONVERSION = YES;
				CLANG_WARN_OBJC_IMPLICIT_RETAIN_SELF = YES;
				CLANG_WARN_OBJC_LITERAL_CONVERSION = YES;
				CLANG_WARN_OBJC_ROOT_CLASS = YES_ERROR;
				CLANG_WARN_QUOTED_INCLUDE_IN_FRAMEWORK_HEADER = YES;
				CLANG_WARN_RANGE_LOOP_ANALYSIS = YES;
				CLANG_WARN_STRICT_PROTOTYPES = YES;
				CLANG_WARN_SUSPICIOUS_MOVE = YES;
				CLANG_WARN_UNGUARDED_AVAILABILITY = YES_AGGRESSIVE;
				CLANG_WARN_UNREACHABLE_CODE = YES;
				CLANG_WARN__DUPLICATE_METHOD_MATCH = YES;
				COPY_PHASE_STRIP = NO;
				DEBUG_INFORMATION_FORMAT = "dwarf-with-dsym";
				ENABLE_NS_ASSERTIONS = NO;
				ENABLE_STRICT_OBJC_MSGSEND = YES;
				GCC_C_LANGUAGE_STANDARD = gnu11;
				GCC_NO_COMMON_BLOCKS = YES;
				GCC_WARN_64_TO_32_BIT_CONVERSION = YES;
				GCC_WARN_ABOUT_RETURN_TYPE = YES_ERROR;
				GCC_WARN_UNDECLARED_SELECTOR = YES;
				GCC_WARN_UNINITIALIZED_AUTOS = YES_AGGRESSIVE;
				GCC_WARN_UNUSED_FUNCTION = YES;
				GCC_WARN_UNUSED_VARIABLE = YES;
				IPHONEOS_DEPLOYMENT_TARGET = 15.2;
				MTL_ENABLE_DEBUG_INFO = NO;
				MTL_FAST_MATH = YES;
				SDKROOT = iphoneos;
				SWIFT_COMPILATION_MODE = wholemodule;
				SWIFT_OPTIMIZATION_LEVEL = "-O";
				VALIDATE_PRODUCT = YES;
			};
			name = Release;
		};
		4E85A8B0297E961000F0E8A6 /* Debug */ = {
			isa = XCBuildConfiguration;
			buildSettings = {
				ASSETCATALOG_COMPILER_APPICON_NAME = AppIcon;
				ASSETCATALOG_COMPILER_GLOBAL_ACCENT_COLOR_NAME = AccentColor;
				CODE_SIGN_STYLE = Automatic;
				CURRENT_PROJECT_VERSION = 1;
				DEVELOPMENT_TEAM = W6V4RR3FKW;
				GENERATE_INFOPLIST_FILE = YES;
				INFOPLIST_FILE = "MixWater/Supporting Files/Info.plist";
				INFOPLIST_KEY_UIApplicationSupportsIndirectInputEvents = YES;
				INFOPLIST_KEY_UILaunchStoryboardName = LaunchScreen;
				INFOPLIST_KEY_UIMainStoryboardFile = Main;
				INFOPLIST_KEY_UISupportedInterfaceOrientations = UIInterfaceOrientationPortrait;
				INFOPLIST_KEY_UISupportedInterfaceOrientations_iPad = "UIInterfaceOrientationLandscapeLeft UIInterfaceOrientationLandscapeRight UIInterfaceOrientationPortrait UIInterfaceOrientationPortraitUpsideDown";
				IPHONEOS_DEPLOYMENT_TARGET = 15.0;
				LD_RUNPATH_SEARCH_PATHS = (
					"$(inherited)",
					"@executable_path/Frameworks",
				);
				MARKETING_VERSION = 0.2;
				PRODUCT_BUNDLE_IDENTIFIER = pl.goldenapp.MixWater;
				PRODUCT_NAME = "$(TARGET_NAME)";
				SWIFT_EMIT_LOC_STRINGS = YES;
				SWIFT_VERSION = 5.0;
				TARGETED_DEVICE_FAMILY = 1;
			};
			name = Debug;
		};
		4E85A8B1297E961000F0E8A6 /* Release */ = {
			isa = XCBuildConfiguration;
			buildSettings = {
				ASSETCATALOG_COMPILER_APPICON_NAME = AppIcon;
				ASSETCATALOG_COMPILER_GLOBAL_ACCENT_COLOR_NAME = AccentColor;
				CODE_SIGN_STYLE = Automatic;
				CURRENT_PROJECT_VERSION = 1;
				DEVELOPMENT_TEAM = W6V4RR3FKW;
				GENERATE_INFOPLIST_FILE = YES;
				INFOPLIST_FILE = "MixWater/Supporting Files/Info.plist";
				INFOPLIST_KEY_UIApplicationSupportsIndirectInputEvents = YES;
				INFOPLIST_KEY_UILaunchStoryboardName = LaunchScreen;
				INFOPLIST_KEY_UIMainStoryboardFile = Main;
				INFOPLIST_KEY_UISupportedInterfaceOrientations = UIInterfaceOrientationPortrait;
				INFOPLIST_KEY_UISupportedInterfaceOrientations_iPad = "UIInterfaceOrientationLandscapeLeft UIInterfaceOrientationLandscapeRight UIInterfaceOrientationPortrait UIInterfaceOrientationPortraitUpsideDown";
				IPHONEOS_DEPLOYMENT_TARGET = 15.0;
				LD_RUNPATH_SEARCH_PATHS = (
					"$(inherited)",
					"@executable_path/Frameworks",
				);
				MARKETING_VERSION = 0.2;
				PRODUCT_BUNDLE_IDENTIFIER = pl.goldenapp.MixWater;
				PRODUCT_NAME = "$(TARGET_NAME)";
				SWIFT_EMIT_LOC_STRINGS = YES;
				SWIFT_VERSION = 5.0;
				TARGETED_DEVICE_FAMILY = 1;
			};
			name = Release;
		};
/* End XCBuildConfiguration section */

/* Begin XCConfigurationList section */
		4E85A896297E960E00F0E8A6 /* Build configuration list for PBXProject "MixWater" */ = {
			isa = XCConfigurationList;
			buildConfigurations = (
				4E85A8AD297E961000F0E8A6 /* Debug */,
				4E85A8AE297E961000F0E8A6 /* Release */,
			);
			defaultConfigurationIsVisible = 0;
			defaultConfigurationName = Release;
		};
		4E85A8AF297E961000F0E8A6 /* Build configuration list for PBXNativeTarget "MixWater" */ = {
			isa = XCConfigurationList;
			buildConfigurations = (
				4E85A8B0297E961000F0E8A6 /* Debug */,
				4E85A8B1297E961000F0E8A6 /* Release */,
			);
			defaultConfigurationIsVisible = 0;
			defaultConfigurationName = Release;
		};
/* End XCConfigurationList section */

/* Begin XCRemoteSwiftPackageReference section */
		4EA4C68D297ECED5007A28DF /* XCRemoteSwiftPackageReference "IQKeyboardManager" */ = {
			isa = XCRemoteSwiftPackageReference;
			repositoryURL = "https://github.com/hackiftekhar/IQKeyboardManager.git";
			requirement = {
				kind = upToNextMajorVersion;
				minimumVersion = 6.5.0;
			};
		};
/* End XCRemoteSwiftPackageReference section */

/* Begin XCSwiftPackageProductDependency section */
		4EA4C68E297ECED5007A28DF /* IQKeyboardManagerSwift */ = {
			isa = XCSwiftPackageProductDependency;
			package = 4EA4C68D297ECED5007A28DF /* XCRemoteSwiftPackageReference "IQKeyboardManager" */;
			productName = IQKeyboardManagerSwift;
		};
/* End XCSwiftPackageProductDependency section */
	};
	rootObject = 4E85A893297E960E00F0E8A6 /* Project object */;
}
